# This file is automatically @generated by Poetry 1.8.3 and should not be changed by hand.

[[package]]
name = "macos-notifications"
version = "0.2.1"
description = "Simple interactable Mac notifications with only pure-python dependencies"
optional = false
python-versions = ">=3.7"
files = [
    {file = "macos_notifications-0.2.1-py3-none-any.whl", hash = "sha256:925df16126d861b0d78888e401c648e537ff89f334e8c8e899babf455f8b950c"},
    {file = "macos_notifications-0.2.1.tar.gz", hash = "sha256:833cb4776f72c399cea303fd21748fafbe278e5555a3858121cc6fafcc363ee1"},
]

[package.dependencies]
pyobjc-core = ">=9.1.1"
pyobjc-framework-Cocoa = ">=9.1.1"

[package.extras]
dev = ["pre-commit (>=2.19.0,<3.0.0)"]
doc = ["mkdocs (>=1.3.0,<2.0.0)", "mkdocs-material (>=8.3.9,<9.0.0)", "mkdocstrings[python] (>=0.19.0,<1.0.0)", "termynal (>=0.2.0,<1.0.0)"]
test = ["black (>=22.6.0,<23.0.0)", "flake8 (>=4.0.0,<5.0.0)", "isort (>=5.10.1,<6.0.0)", "mypy (==0.910)"]

[[package]]
name = "psutil"
version = "6.1.1"
description = "Cross-platform lib for process and system monitoring in Python."
optional = false
python-versions = "!=3.0.*,!=3.1.*,!=3.2.*,!=3.3.*,!=3.4.*,!=3.5.*,>=2.7"
files = [
    {file = "psutil-6.1.1-cp27-cp27m-macosx_10_9_x86_64.whl", hash = "sha256:9ccc4316f24409159897799b83004cb1e24f9819b0dcf9c0b68bdcb6cefee6a8"},
    {file = "psutil-6.1.1-cp27-cp27m-manylinux2010_i686.whl", hash = "sha256:ca9609c77ea3b8481ab005da74ed894035936223422dc591d6772b147421f777"},
    {file = "psutil-6.1.1-cp27-cp27m-manylinux2010_x86_64.whl", hash = "sha256:8df0178ba8a9e5bc84fed9cfa61d54601b371fbec5c8eebad27575f1e105c0d4"},
    {file = "psutil-6.1.1-cp27-cp27mu-manylinux2010_i686.whl", hash = "sha256:1924e659d6c19c647e763e78670a05dbb7feaf44a0e9c94bf9e14dfc6ba50468"},
    {file = "psutil-6.1.1-cp27-cp27mu-manylinux2010_x86_64.whl", hash = "sha256:018aeae2af92d943fdf1da6b58665124897cfc94faa2ca92098838f83e1b1bca"},
    {file = "psutil-6.1.1-cp27-none-win32.whl", hash = "sha256:6d4281f5bbca041e2292be3380ec56a9413b790579b8e593b1784499d0005dac"},
    {file = "psutil-6.1.1-cp27-none-win_amd64.whl", hash = "sha256:c777eb75bb33c47377c9af68f30e9f11bc78e0f07fbf907be4a5d70b2fe5f030"},
    {file = "psutil-6.1.1-cp36-abi3-macosx_10_9_x86_64.whl", hash = "sha256:fc0ed7fe2231a444fc219b9c42d0376e0a9a1a72f16c5cfa0f68d19f1a0663e8"},
    {file = "psutil-6.1.1-cp36-abi3-macosx_11_0_arm64.whl", hash = "sha256:0bdd4eab935276290ad3cb718e9809412895ca6b5b334f5a9111ee6d9aff9377"},
    {file = "psutil-6.1.1-cp36-abi3-manylinux_2_12_i686.manylinux2010_i686.manylinux_2_17_i686.manylinux2014_i686.whl", hash = "sha256:b6e06c20c05fe95a3d7302d74e7097756d4ba1247975ad6905441ae1b5b66003"},
    {file = "psutil-6.1.1-cp36-abi3-manylinux_2_12_x86_64.manylinux2010_x86_64.manylinux_2_17_x86_64.manylinux2014_x86_64.whl", hash = "sha256:97f7cb9921fbec4904f522d972f0c0e1f4fabbdd4e0287813b21215074a0f160"},
    {file = "psutil-6.1.1-cp36-abi3-manylinux_2_17_aarch64.manylinux2014_aarch64.whl", hash = "sha256:33431e84fee02bc84ea36d9e2c4a6d395d479c9dd9bba2376c1f6ee8f3a4e0b3"},
    {file = "psutil-6.1.1-cp36-cp36m-win32.whl", hash = "sha256:384636b1a64b47814437d1173be1427a7c83681b17a450bfc309a1953e329603"},
    {file = "psutil-6.1.1-cp36-cp36m-win_amd64.whl", hash = "sha256:8be07491f6ebe1a693f17d4f11e69d0dc1811fa082736500f649f79df7735303"},
    {file = "psutil-6.1.1-cp37-abi3-win32.whl", hash = "sha256:eaa912e0b11848c4d9279a93d7e2783df352b082f40111e078388701fd479e53"},
    {file = "psutil-6.1.1-cp37-abi3-win_amd64.whl", hash = "sha256:f35cfccb065fff93529d2afb4a2e89e363fe63ca1e4a5da22b603a85833c2649"},
    {file = "psutil-6.1.1.tar.gz", hash = "sha256:cf8496728c18f2d0b45198f06895be52f36611711746b7f30c464b422b50e2f5"},
]

[package.extras]
dev = ["abi3audit", "black", "check-manifest", "coverage", "packaging", "pylint", "pyperf", "pypinfo", "pytest-cov", "requests", "rstcheck", "ruff", "sphinx", "sphinx_rtd_theme", "toml-sort", "twine", "virtualenv", "vulture", "wheel"]
test = ["pytest", "pytest-xdist", "setuptools"]

[[package]]
name = "pyobjc-core"
version = "10.3.2"
description = "Python<->ObjC Interoperability Module"
optional = false
python-versions = ">=3.8"
files = [
    {file = "pyobjc_core-10.3.2-cp310-cp310-macosx_10_9_universal2.whl", hash = "sha256:acb40672d682851a5c7fd84e5041c4d069b62076168d72591abb5fcc871bb039"},
    {file = "pyobjc_core-10.3.2-cp311-cp311-macosx_10_9_universal2.whl", hash = "sha256:cea5e77659619ad93c782ca07644b6efe7d7ec6f59e46128843a0a87c1af511a"},
    {file = "pyobjc_core-10.3.2-cp312-cp312-macosx_10_13_universal2.whl", hash = "sha256:16644a92fb9661de841ba6115e5354db06a1d193a5e239046e840013c7b3874d"},
    {file = "pyobjc_core-10.3.2-cp313-cp313-macosx_10_13_universal2.whl", hash = "sha256:76b8b911d94501dac89821df349b1860bb770dce102a1a293f524b5b09dd9462"},
    {file = "pyobjc_core-10.3.2-cp313-cp313t-macosx_10_13_universal2.whl", hash = "sha256:8c6288fdb210b64115760a4504efbc4daffdc390d309e9318eb0e3e3b78d2828"},
    {file = "pyobjc_core-10.3.2-cp38-cp38-macosx_10_9_x86_64.whl", hash = "sha256:87901e9f7032f33eb4fa884e407bf2744d5a0791b379bfca783982a02be3f7fb"},
    {file = "pyobjc_core-10.3.2-cp38-cp38-macosx_11_0_universal2.whl", hash = "sha256:636971ab48a4198ca129e149fe58ccf85a7b4a9b93d27f5ae920d88eb2655431"},
    {file = "pyobjc_core-10.3.2-cp39-cp39-macosx_10_9_universal2.whl", hash = "sha256:48e9ac3af42b2340dae709a8b894f5ef7e5132d8546adcd1797cffcc449dabdc"},
    {file = "pyobjc_core-10.3.2.tar.gz", hash = "sha256:dbf1475d864ce594288ce03e94e3a98dc7f0e4639971eb1e312bdf6661c21e0e"},
]

[[package]]
name = "pyobjc-framework-cocoa"
version = "10.3.2"
description = "Wrappers for the Cocoa frameworks on macOS"
optional = false
python-versions = ">=3.8"
files = [
    {file = "pyobjc_framework_Cocoa-10.3.2-cp310-cp310-macosx_10_9_universal2.whl", hash = "sha256:61f44c2adab28fdf3aa3d593c9497a2d9ceb9583ed9814adb48828c385d83ff4"},
    {file = "pyobjc_framework_Cocoa-10.3.2-cp311-cp311-macosx_10_9_universal2.whl", hash = "sha256:7caaf8b260e81b27b7b787332846f644b9423bfc1536f6ec24edbde59ab77a87"},
    {file = "pyobjc_framework_Cocoa-10.3.2-cp312-cp312-macosx_10_13_universal2.whl", hash = "sha256:c49e99fc4b9e613fb308651b99d52a8a9ae9916c8ef27aa2f5d585b6678a59bf"},
    {file = "pyobjc_framework_Cocoa-10.3.2-cp313-cp313-macosx_10_13_universal2.whl", hash = "sha256:f1161b5713f9b9934c12649d73a6749617172e240f9431eff9e22175262fdfda"},
    {file = "pyobjc_framework_Cocoa-10.3.2-cp313-cp313t-macosx_10_13_universal2.whl", hash = "sha256:08e48b9ee4eb393447b2b781d16663b954bd10a26927df74f92e924c05568d89"},
    {file = "pyobjc_framework_Cocoa-10.3.2-cp38-cp38-macosx_10_9_x86_64.whl", hash = "sha256:7faa448d2038ae0e0287a326d390002e744bb6470e45995e2dbd16c892e4495a"},
    {file = "pyobjc_framework_Cocoa-10.3.2-cp38-cp38-macosx_11_0_universal2.whl", hash = "sha256:fcd53fee2be9708576617994b107aedc2c40824b648cd51e780e8399c0a447b6"},
    {file = "pyobjc_framework_Cocoa-10.3.2-cp39-cp39-macosx_10_9_universal2.whl", hash = "sha256:838fcf0d10674bde9ff64a3f20c0e188f2dc5e804476d80509b81c4ac1dabc59"},
    {file = "pyobjc_framework_cocoa-10.3.2.tar.gz", hash = "sha256:673968e5435845bef969bfe374f31a1a6dc660c98608d2b84d5cae6eafa5c39d"},
]

[package.dependencies]
pyobjc-core = ">=10.3.2"

[metadata]
lock-version = "2.0"
python-versions = "^3.12"
content-hash = "0a40ed9528c57bdefa84515b0979e9caf26d05905a6053fbd412b2e293e083b4"
